PODS:
  - ActiveLabel (1.1.0)
  - Alamofire (5.2.2)
  - Blueprints (0.13.1)
  - CollectionKit (2.4.0):
    - CollectionKit/Core (= 2.4.0)
  - CollectionKit/Core (2.4.0)
  - CryptoSwift (1.3.2)
  - DynamicColor (4.2.0)
  - FSPagerView (0.8.3)
  - HandyJSON (5.0.3-beta)
  - HBDNavigationBar (1.7.7)
  - IBAnimatable (6.1.0)
  - Kingfisher (5.15.5):
    - Kingfisher/Core (= 5.15.5)
  - Kingfisher/Core (5.15.5)
  - Koloda (5.0.1):
    - pop (~> 1.0)
  - LGButton (1.1.6)
  - MagazineLayout (1.6.3)
  - MarqueeLabel (4.0.3)
  - MBProgressHUD (1.2.0)
  - MJRefresh (3.5.0)
  - MMLayout (0.2.0)
  - Moya/Core (14.0.0):
    - Alamofire (~> 5.0)
  - Moya/RxSwift (14.0.0):
    - Moya/Core
    - RxSwift (~> 5.0)
  - NotificationBannerSwift (3.0.2):
    - MarqueeLabel (~> 4.0.0)
    - SnapKit (~> 5.0.0)
  - "NSObject+Rx (5.1.0)":
    - RxSwift (~> 5.1)
  - pop (1.0.12)
  - R.swift (5.2.2):
    - R.swift.Library (~> 5.2.0)
  - R.swift.Library (5.2.0)
  - ReachabilitySwift (4.3.1)
  - ReactiveObjC (3.1.1)
  - Realm (5.4.6):
    - Realm/Headers (= 5.4.6)
  - Realm/Headers (5.4.6)
  - RealmSwift (5.4.6):
    - Realm (= 5.4.6)
  - Reusable (4.1.1):
    - Reusable/Storyboard (= 4.1.1)
    - Reusable/View (= 4.1.1)
  - Reusable/Storyboard (4.1.1)
  - Reusable/View (4.1.1)
  - RxCocoa (5.1.1):
    - RxRelay (~> 5)
    - RxSwift (~> 5)
  - RxReachability (1.0.0):
    - ReachabilitySwift (~> 4.3.1)
    - RxCocoa (~> 5)
    - RxSwift (~> 5)
  - RxRelay (5.1.1):
    - RxSwift (~> 5)
  - RxSwift (5.1.1)
  - RxSwiftUtilities (2.2.0):
    - RxCocoa (~> 5.1)
    - RxSwift (~> 5.1)
  - SDWebImage (5.9.0):
    - SDWebImage/Core (= 5.9.0)
  - SDWebImage/Core (5.9.0)
  - SegementSlide (3.0.1)
  - SnapKit (5.0.1)
  - SPAlertController (4.0.0)
  - SwiftDate (6.2.0)
  - SwiftyStoreKit (0.16.1)
  - SYBPush/normal (1.6.2)
  - TagListView (1.4.1)
  - Toast (4.0.0)
  - Toast-Swift (5.0.1)
  - TXIMSDK_iOS (5.0.6)
  - TXLiteAVSDK_TRTC (7.7.9458)
  - WechatOpenSDK (1.8.7.1)
  - ZLPhotoBrowser (4.0.7):
    - ZLPhotoBrowser/Core (= 4.0.7)
  - ZLPhotoBrowser/Core (4.0.7)

DEPENDENCIES:
  - ActiveLabel
  - Blueprints
  - CollectionKit
  - CryptoSwift
  - DynamicColor
  - FSPagerView
  - HandyJSON (~> 5.0.3-beta)
  - HBDNavigationBar
  - IBAnimatable
  - Kingfisher
  - Koloda
  - LGButton
  - MagazineLayout
  - MBProgressHUD
  - MJRefresh
  - MMLayout (= 0.2.0)
  - Moya/Core
  - Moya/RxSwift
  - NotificationBannerSwift
  - "NSObject+Rx"
  - R.swift
  - ReactiveObjC (= 3.1.1)
  - RealmSwift
  - Reusable
  - RxCocoa
  - RxReachability
  - RxSwift
  - RxSwiftUtilities
  - SDWebImage (= 5.9.0)
  - SegementSlide
  - SnapKit
  - SPAlertController
  - SwiftDate
  - SwiftyStoreKit
  - SYBPush/normal (from `https://github.com/isandboy/SYBPush.git`)
  - TagListView
  - Toast (= 4.0.0)
  - Toast-Swift
  - TXIMSDK_iOS
  - TXLiteAVSDK_TRTC
  - WechatOpenSDK
  - ZLPhotoBrowser

SPEC REPOS:
  trunk:
    - ActiveLabel
    - Alamofire
    - Blueprints
    - CollectionKit
    - CryptoSwift
    - DynamicColor
    - FSPagerView
    - HandyJSON
    - HBDNavigationBar
    - IBAnimatable
    - Kingfisher
    - Koloda
    - LGButton
    - MagazineLayout
    - MarqueeLabel
    - MBProgressHUD
    - MJRefresh
    - MMLayout
    - Moya
    - NotificationBannerSwift
    - "NSObject+Rx"
    - pop
    - R.swift
    - R.swift.Library
    - ReachabilitySwift
    - ReactiveObjC
    - Realm
    - RealmSwift
    - Reusable
    - RxCocoa
    - RxReachability
    - RxRelay
    - RxSwift
    - RxSwiftUtilities
    - SDWebImage
    - SegementSlide
    - SnapKit
    - SPAlertController
    - SwiftDate
    - SwiftyStoreKit
    - TagListView
    - Toast
    - Toast-Swift
    - TXIMSDK_iOS
    - TXLiteAVSDK_TRTC
    - WechatOpenSDK
    - ZLPhotoBrowser

EXTERNAL SOURCES:
  SYBPush:
    :git: https://github.com/isandboy/SYBPush.git

CHECKOUT OPTIONS:
  SYBPush:
    :commit: d85efa13df5008ae5edd567d37acf962ede5318e
    :git: https://github.com/isandboy/SYBPush.git

SPEC CHECKSUMS:
  ActiveLabel: 5e3f4de79a1952d4604b845a0610d4776e4b82b3
  Alamofire: 814429acc853c6c54ff123fc3d2ef66803823ce0
  Blueprints: ddd6ab1e455c98471aaef2fdd0b09b5f9b53af5b
  CollectionKit: 8f01e7629185bb81072c4aa734d105df5c2d1c8b
  CryptoSwift: 093499be1a94b0cae36e6c26b70870668cb56060
  DynamicColor: c475f66bda1cabf602f2c54ac1171c0c07148a5a
  FSPagerView: 670405b2f18e2a87fa37f20b00de783e562c25a8
  HandyJSON: 88e8ea5f66ab65c3b8768499a1935d0509c460d4
  HBDNavigationBar: 6ba38b99637039c831ce460364d5398f29fa0685
  IBAnimatable: 99dddd4c0625884a301ba3ecbc1615f8a390368e
  Kingfisher: e3ec347a5ab8817b7585ef46923a2d2b9a7d8fbe
  Koloda: d07b9199a383abc5898b62aa945a599f5e7c0c4b
  LGButton: 9f0a7f9d3030e3f504108342f6b66d64a429371b
  MagazineLayout: 159da0d4d874e04e6b17e580b990cccd00328c5b
  MarqueeLabel: a1ea597e347506640a5b00fda9c07b572753f45e
  MBProgressHUD: 3ee5efcc380f6a79a7cc9b363dd669c5e1ae7406
  MJRefresh: 6afc955813966afb08305477dd7a0d9ad5e79a16
  MMLayout: 3fb59d58eeb8656c64e61d550fb0088e10666c11
  Moya: 5b45dacb75adb009f97fde91c204c1e565d31916
  NotificationBannerSwift: 713e20f21b6105f4a36a00e5d9fa414a930d3d8e
  "NSObject+Rx": fa6bbcc1ab1faa06b01466bc09b1e0692bbc5946
  pop: d582054913807fd11fd50bfe6a539d91c7e1a55a
  R.swift: 7c52cdc57a66840ffe6cbd8a823d732059d42a32
  R.swift.Library: 5ba4f1631300caf9a4d890186930da85d540769d
  ReachabilitySwift: 4032e2f59586e11e3b0ebe15b167abdd587a388b
  ReactiveObjC: 011caa393aa0383245f2dcf9bf02e86b80b36040
  Realm: bb8d7be40d0bc92f139c47095124513c489c0baf
  RealmSwift: c469118d55feccd985f1de12973c6ef5587213ca
  Reusable: 53a9acf5c536f229b31b5865782414b508252ddb
  RxCocoa: 32065309a38d29b5b0db858819b5bf9ef038b601
  RxReachability: 21d3e96f39bc166a21c357e923f47dec148ca97b
  RxRelay: d77f7d771495f43c556cbc43eebd1bb54d01e8e9
  RxSwift: 81470a2074fa8780320ea5fe4102807cb7118178
  RxSwiftUtilities: 59e2d82daf74b9962f732b09e6da85a26281cfc0
  SDWebImage: 62ae4a18473520c67b79e9724c31a63599cc9423
  SegementSlide: 83b56ffb66b9c0edc4e4f2a74229309c62915db3
  SnapKit: 97b92857e3df3a0c71833cce143274bf6ef8e5eb
  SPAlertController: b245d7a5e17d612da051f2612aca3703f21d108f
  SwiftDate: d117c3eb6beed72e47d3f4d1e3bc63fa1e66d7c3
  SwiftyStoreKit: 6b9c08810269f030586dac1fae8e75871a82e84a
  SYBPush: 1b1c2f0cc16e4eaa68adf64910bcdf1a2d60692c
  TagListView: a1c236d17960a0cf64156725a76ce6d73ebce2be
  Toast: 91b396c56ee72a5790816f40d3a94dd357abc196
  Toast-Swift: 9b6a70f28b3bf0b96c40d46c0c4b9d6639846711
  TXIMSDK_iOS: cc65f97fb454811757f0d71d54a15726b995c0d7
  TXLiteAVSDK_TRTC: 87facf366c7d073d8ab4d6249be9291f4d599b83
  WechatOpenSDK: 6a4d1436c15b3b5fe2a0bd383f3046010186da44
  ZLPhotoBrowser: f85662753ea4cfebff08b3512b17467467634fb2

PODFILE CHECKSUM: af30f3c3ae5a7403d3e88c353bbe8d68011afbec

COCOAPODS: 1.9.3
